// !$*UTF8*$!
{
	archiveVersion = 1;
	classes = {
	};
	objectVersion = 50;
	objects = {

/* Begin PBXBuildFile section */
		293ED3222475B0BE007FDA3D /* RPSWelcomeViewController.swift in Sources */ = {isa = PBXBuildFile; fileRef = 293ED3212475B0BE007FDA3D /* RPSWelcomeViewController.swift */; };
		293ED3252475B0DC007FDA3D /* RPSGameViewController.swift in Sources */ = {isa = PBXBuildFile; fileRef = 293ED3242475B0DC007FDA3D /* RPSGameViewController.swift */; };
		293ED3272475C653007FDA3D /* RPSMenuViewController.swift in Sources */ = {isa = PBXBuildFile; fileRef = 293ED3262475C653007FDA3D /* RPSMenuViewController.swift */; };
		406C74B32475A85B00779AAC /* AppDelegate.swift in Sources */ = {isa = PBXBuildFile; fileRef = 406C74B22475A85B00779AAC /* AppDelegate.swift */; };
		406C74B52475A85B00779AAC /* SceneDelegate.swift in Sources */ = {isa = PBXBuildFile; fileRef = 406C74B42475A85B00779AAC /* SceneDelegate.swift */; };
		406C74BA2475A85B00779AAC /* Main.storyboard in Resources */ = {isa = PBXBuildFile; fileRef = 406C74B82475A85B00779AAC /* Main.storyboard */; };
		406C74BC2475A85C00779AAC /* Assets.xcassets in Resources */ = {isa = PBXBuildFile; fileRef = 406C74BB2475A85C00779AAC /* Assets.xcassets */; };
		406C74BF2475A85C00779AAC /* LaunchScreen.storyboard in Resources */ = {isa = PBXBuildFile; fileRef = 406C74BD2475A85C00779AAC /* LaunchScreen.storyboard */; };
/* End PBXBuildFile section */

/* Begin PBXFileReference section */
		293ED3212475B0BE007FDA3D /* RPSWelcomeViewController.swift */ = {isa = PBXFileReference; lastKnownFileType = sourcecode.swift; path = RPSWelcomeViewController.swift; sourceTree = "<group>"; };
		293ED3242475B0DC007FDA3D /* RPSGameViewController.swift */ = {isa = PBXFileReference; lastKnownFileType = sourcecode.swift; path = RPSGameViewController.swift; sourceTree = "<group>"; };
		293ED3262475C653007FDA3D /* RPSMenuViewController.swift */ = {isa = PBXFileReference; lastKnownFileType = sourcecode.swift; path = RPSMenuViewController.swift; sourceTree = "<group>"; };
		406C74AF2475A85B00779AAC /* RockPaperScissors.app */ = {isa = PBXFileReference; explicitFileType = wrapper.application; includeInIndex = 0; path = RockPaperScissors.app; sourceTree = BUILT_PRODUCTS_DIR; };
		406C74B22475A85B00779AAC /* AppDelegate.swift */ = {isa = PBXFileReference; lastKnownFileType = sourcecode.swift; path = AppDelegate.swift; sourceTree = "<group>"; };
		406C74B42475A85B00779AAC /* SceneDelegate.swift */ = {isa = PBXFileReference; lastKnownFileType = sourcecode.swift; path = SceneDelegate.swift; sourceTree = "<group>"; };
		406C74B92475A85B00779AAC /* Base */ = {isa = PBXFileReference; lastKnownFileType = file.storyboard; name = Base; path = Base.lproj/Main.storyboard; sourceTree = "<group>"; };
		406C74BB2475A85C00779AAC /* Assets.xcassets */ = {isa = PBXFileReference; lastKnownFileType = folder.assetcatalog; path = Assets.xcassets; sourceTree = "<group>"; };
		406C74BE2475A85C00779AAC /* Base */ = {isa = PBXFileReference; lastKnownFileType = file.storyboard; name = Base; path = Base.lproj/LaunchScreen.storyboard; sourceTree = "<group>"; };
		406C74C02475A85C00779AAC /* Info.plist */ = {isa = PBXFileReference; lastKnownFileType = text.plist.xml; path = Info.plist; sourceTree = "<group>"; };
/* End PBXFileReference section */

/* Begin PBXFrameworksBuildPhase section */
		406C74AC2475A85B00779AAC /* Frameworks */ = {
			isa = PBXFrameworksBuildPhase;
			buildActionMask = 2147483647;
			files = (
			);
			runOnlyForDeploymentPostprocessing = 0;
		};
/* End PBXFrameworksBuildPhase section */

/* Begin PBXGroup section */
		293ED3202475AFE3007FDA3D /* View Controller */ = {
			isa = PBXGroup;
			children = (
				293ED3212475B0BE007FDA3D /* RPSWelcomeViewController.swift */,
				293ED3242475B0DC007FDA3D /* RPSGameViewController.swift */,
				293ED3262475C653007FDA3D /* RPSMenuViewController.swift */,
			);
			path = "View Controller";
			sourceTree = "<group>";
		};
		406C74A62475A85B00779AAC = {
			isa = PBXGroup;
			children = (
				406C74B12475A85B00779AAC /* RockPaperScissors */,
				406C74B02475A85B00779AAC /* Products */,
			);
			sourceTree = "<group>";
		};
		406C74B02475A85B00779AAC /* Products */ = {
			isa = PBXGroup;
			children = (
				406C74AF2475A85B00779AAC /* RockPaperScissors.app */,
			);
			name = Products;
			sourceTree = "<group>";
		};
		406C74B12475A85B00779AAC /* RockPaperScissors */ = {
			isa = PBXGroup;
			children = (
				406C74C82475A87D00779AAC /* View */,
				406C74C72475A87000779AAC /* Controllers */,
				406C74C62475A86B00779AAC /* Resources */,
			);
			path = RockPaperScissors;
			sourceTree = "<group>";
		};
		406C74C62475A86B00779AAC /* Resources */ = {
			isa = PBXGroup;
			children = (
				406C74B22475A85B00779AAC /* AppDelegate.swift */,
				406C74B42475A85B00779AAC /* SceneDelegate.swift */,
				406C74BB2475A85C00779AAC /* Assets.xcassets */,
				406C74BD2475A85C00779AAC /* LaunchScreen.storyboard */,
				406C74C02475A85C00779AAC /* Info.plist */,
			);
			path = Resources;
			sourceTree = "<group>";
		};
		406C74C72475A87000779AAC /* Controllers */ = {
			isa = PBXGroup;
			children = (
				293ED3202475AFE3007FDA3D /* View Controller */,
			);
			path = Controllers;
			sourceTree = "<group>";
		};
		406C74C82475A87D00779AAC /* View */ = {
			isa = PBXGroup;
			children = (
				406C74B82475A85B00779AAC /* Main.storyboard */,
			);
			path = View;
			sourceTree = "<group>";
		};
/* End PBXGroup section */

/* Begin PBXNativeTarget section */
		406C74AE2475A85B00779AAC /* RockPaperScissors */ = {
			isa = PBXNativeTarget;
			buildConfigurationList = 406C74C32475A85C00779AAC /* Build configuration list for PBXNativeTarget "RockPaperScissors" */;
			buildPhases = (
				406C74AB2475A85B00779AAC /* Sources */,
				406C74AC2475A85B00779AAC /* Frameworks */,
				406C74AD2475A85B00779AAC /* Resources */,
			);
			buildRules = (
			);
			dependencies = (
			);
			name = RockPaperScissors;
			productName = RockPaperScissors;
			productReference = 406C74AF2475A85B00779AAC /* RockPaperScissors.app */;
			productType = "com.apple.product-type.application";
		};
/* End PBXNativeTarget section */

/* Begin PBXProject section */
		406C74A72475A85B00779AAC /* Project object */ = {
			isa = PBXProject;
			attributes = {
				LastSwiftUpdateCheck = 1140;
				LastUpgradeCheck = 1140;
				ORGANIZATIONNAME = "Shannon Draeker";
				TargetAttributes = {
					406C74AE2475A85B00779AAC = {
						CreatedOnToolsVersion = 11.4.1;
					};
				};
			};
			buildConfigurationList = 406C74AA2475A85B00779AAC /* Build configuration list for PBXProject "RockPaperScissors" */;
			compatibilityVersion = "Xcode 9.3";
			developmentRegion = en;
			hasScannedForEncodings = 0;
			knownRegions = (
				en,
				Base,
			);
			mainGroup = 406C74A62475A85B00779AAC;
			productRefGroup = 406C74B02475A85B00779AAC /* Products */;
			projectDirPath = "";
			projectRoot = "";
			targets = (
				406C74AE2475A85B00779AAC /* RockPaperScissors */,
			);
		};
/* End PBXProject section */

/* Begin PBXResourcesBuildPhase section */
		406C74AD2475A85B00779AAC /* Resources */ = {
			isa = PBXResourcesBuildPhase;
			buildActionMask = 2147483647;
			files = (
				406C74BF2475A85C00779AAC /* LaunchScreen.storyboard in Resources */,
				406C74BC2475A85C00779AAC /* Assets.xcassets in Resources */,
				406C74BA2475A85B00779AAC /* Main.storyboard in Resources */,
			);
			runOnlyForDeploymentPostprocessing = 0;
		};
/* End PBXResourcesBuildPhase section */

/* Begin PBXSourcesBuildPhase section */
		406C74AB2475A85B00779AAC /* Sources */ = {
			isa = PBXSourcesBuildPhase;
			buildActionMask = 2147483647;
			files = (
				293ED3252475B0DC007FDA3D /* RPSGameViewController.swift in Sources */,
				406C74B32475A85B00779AAC /* AppDelegate.swift in Sources */,
				406C74B52475A85B00779AAC /* SceneDelegate.swift in Sources */,
				293ED3272475C653007FDA3D /* RPSMenuViewController.swift in Sources */,
				293ED3222475B0BE007FDA3D /* RPSWelcomeViewController.swift in Sources */,
			);
			runOnlyForDeploymentPostprocessing = 0;
		};
/* End PBXSourcesBuildPhase section */

/* Begin PBXVariantGroup section */
		406C74B82475A85B00779AAC /* Main.storyboard */ = {
			isa = PBXVariantGroup;
			children = (
				406C74B92475A85B00779AAC /* Base */,
			);
			name = Main.storyboard;
			sourceTree = "<group>";
		};
		406C74BD2475A85C00779AAC /* LaunchScreen.storyboard */ = {
			isa = PBXVariantGroup;
			children = (
				406C74BE2475A85C00779AAC /* Base */,
			);
			name = LaunchScreen.storyboard;
			sourceTree = "<group>";
		};
/* End PBXVariantGroup section */

/* Begin XCBuildConfiguration section */
		406C74C12475A85C00779AAC /* Debug */ = {
			isa = XCBuildConfiguration;
			buildSettings = {
				ALWAYS_SEARCH_USER_PATHS = NO;
				CLANG_ANALYZER_NONNULL = YES;
				CLANG_ANALYZER_NUMBER_OBJECT_CONVERSION = YES_AGGRESSIVE;
				CLANG_CXX_LANGUAGE_STANDARD = "gnu++14";
				CLANG_CXX_LIBRARY = "libc++";
				CLANG_ENABLE_MODULES = YES;
				CLANG_ENABLE_OBJC_ARC = YES;
				CLANG_ENABLE_OBJC_WEAK = YES;
				CLANG_WARN_BLOCK_CAPTURE_AUTORELEASING = YES;
				CLANG_WARN_BOOL_CONVERSION = YES;
				CLANG_WARN_COMMA = YES;
				CLANG_WARN_CONSTANT_CONVERSION = YES;
				CLANG_WARN_DEPRECATED_OBJC_IMPLEMENTATIONS = YES;
				CLANG_WARN_DIRECT_OBJC_ISA_USAGE = YES_ERROR;
				CLANG_WARN_DOCUMENTATION_COMMENTS = YES;
				CLANG_WARN_EMPTY_BODY = YES;
				CLANG_WARN_ENUM_CONVERSION = YES;
				CLANG_WARN_INFINITE_RECURSION = YES;
				CLANG_WARN_INT_CONVERSION = YES;
				CLANG_WARN_NON_LITERAL_NULL_CONVERSION = YES;
				CLANG_WARN_OBJC_IMPLICIT_RETAIN_SELF = YES;
				CLANG_WARN_OBJC_LITERAL_CONVERSION = YES;
				CLANG_WARN_OBJC_ROOT_CLASS = YES_ERROR;
				CLANG_WARN_RANGE_LOOP_ANALYSIS = YES;
				CLANG_WARN_STRICT_PROTOTYPES = YES;
				CLANG_WARN_SUSPICIOUS_MOVE = YES;
				CLANG_WARN_UNGUARDED_AVAILABILITY = YES_AGGRESSIVE;
				CLANG_WARN_UNREACHABLE_CODE = YES;
				CLANG_WARN__DUPLICATE_METHOD_MATCH = YES;
				COPY_PHASE_STRIP = NO;
				DEBUG_INFORMATION_FORMAT = dwarf;
				ENABLE_STRICT_OBJC_MSGSEND = YES;
				ENABLE_TESTABILITY = YES;
				GCC_C_LANGUAGE_STANDARD = gnu11;
				GCC_DYNAMIC_NO_PIC = NO;
				GCC_NO_COMMON_BLOCKS = YES;
				GCC_OPTIMIZATION_LEVEL = 0;
				GCC_PREPROCESSOR_DEFINITIONS = (
					"DEBUG=1",
					"$(inherited)",
				);
				GCC_WARN_64_TO_32_BIT_CONVERSION = YES;
				GCC_WARN_ABOUT_RETURN_TYPE = YES_ERROR;
				GCC_WARN_UNDECLARED_SELECTOR = YES;
				GCC_WARN_UNINITIALIZED_AUTOS = YES_AGGRESSIVE;
				GCC_WARN_UNUSED_FUNCTION = YES;
				GCC_WARN_UNUSED_VARIABLE = YES;
				IPHONEOS_DEPLOYMENT_TARGET = 13.4;
				MTL_ENABLE_DEBUG_INFO = INCLUDE_SOURCE;
				MTL_FAST_MATH = YES;
				ONLY_ACTIVE_ARCH = YES;
				SDKROOT = iphoneos;
				SWIFT_ACTIVE_COMPILATION_CONDITIONS = DEBUG;
				SWIFT_OPTIMIZATION_LEVEL = "-Onone";
			};
			name = Debug;
		};
		406C74C22475A85C00779AAC /* Release */ = {
			isa = XCBuildConfiguration;
			buildSettings = {
				ALWAYS_SEARCH_USER_PATHS = NO;
				CLANG_ANALYZER_NONNULL = YES;
				CLANG_ANALYZER_NUMBER_OBJECT_CONVERSION = YES_AGGRESSIVE;
				CLANG_CXX_LANGUAGE_STANDARD = "gnu++14";
				CLANG_CXX_LIBRARY = "libc++";
				CLANG_ENABLE_MODULES = YES;
				CLANG_ENABLE_OBJC_ARC = YES;
				CLANG_ENABLE_OBJC_WEAK = YES;
				CLANG_WARN_BLOCK_CAPTURE_AUTORELEASING = YES;
				CLANG_WARN_BOOL_CONVERSION = YES;
				CLANG_WARN_COMMA = YES;
				CLANG_WARN_CONSTANT_CONVERSION = YES;
				CLANG_WARN_DEPRECATED_OBJC_IMPLEMENTATIONS = YES;
				CLANG_WARN_DIRECT_OBJC_ISA_USAGE = YES_ERROR;
				CLANG_WARN_DOCUMENTATION_COMMENTS = YES;
				CLANG_WARN_EMPTY_BODY = YES;
				CLANG_WARN_ENUM_CONVERSION = YES;
				CLANG_WARN_INFINITE_RECURSION = YES;
				CLANG_WARN_INT_CONVERSION = YES;
				CLANG_WARN_NON_LITERAL_NULL_CONVERSION = YES;
				CLANG_WARN_OBJC_IMPLICIT_RETAIN_SELF = YES;
				CLANG_WARN_OBJC_LITERAL_CONVERSION = YES;
				CLANG_WARN_OBJC_ROOT_CLASS = YES_ERROR;
				CLANG_WARN_RANGE_LOOP_ANALYSIS = YES;
				CLANG_WARN_STRICT_PROTOTYPES = YES;
				CLANG_WARN_SUSPICIOUS_MOVE = YES;
				CLANG_WARN_UNGUARDED_AVAILABILITY = YES_AGGRESSIVE;
				CLANG_WARN_UNREACHABLE_CODE = YES;
				CLANG_WARN__DUPLICATE_METHOD_MATCH = YES;
				COPY_PHASE_STRIP = NO;
				DEBUG_INFORMATION_FORMAT = "dwarf-with-dsym";
				ENABLE_NS_ASSERTIONS = NO;
				ENABLE_STRICT_OBJC_MSGSEND = YES;
				GCC_C_LANGUAGE_STANDARD = gnu11;
				GCC_NO_COMMON_BLOCKS = YES;
				GCC_WARN_64_TO_32_BIT_CONVERSION = YES;
				GCC_WARN_ABOUT_RETURN_TYPE = YES_ERROR;
				GCC_WARN_UNDECLARED_SELECTOR = YES;
				GCC_WARN_UNINITIALIZED_AUTOS = YES_AGGRESSIVE;
				GCC_WARN_UNUSED_FUNCTION = YES;
				GCC_WARN_UNUSED_VARIABLE = YES;
				IPHONEOS_DEPLOYMENT_TARGET = 13.4;
				MTL_ENABLE_DEBUG_INFO = NO;
				MTL_FAST_MATH = YES;
				SDKROOT = iphoneos;
				SWIFT_COMPILATION_MODE = wholemodule;
				SWIFT_OPTIMIZATION_LEVEL = "-O";
				VALIDATE_PRODUCT = YES;
			};
			name = Release;
		};
		406C74C42475A85C00779AAC /* Debug */ = {
			isa = XCBuildConfiguration;
			buildSettings = {
				ASSETCATALOG_COMPILER_APPICON_NAME = AppIcon;
				CODE_SIGN_STYLE = Automatic;
				DEVELOPMENT_TEAM = HT2WKYL4R9;
				INFOPLIST_FILE = RockPaperScissors/Resources/Info.plist;
				LD_RUNPATH_SEARCH_PATHS = (
					"$(inherited)",
					"@executable_path/Frameworks",
				);
				PRODUCT_BUNDLE_IDENTIFIER = com.shannon.RockPaperScissors;
				PRODUCT_NAME = "$(TARGET_NAME)";
				SWIFT_VERSION = 5.0;
				TARGETED_DEVICE_FAMILY = "1,2";
			};
			name = Debug;
		};
		406C74C52475A85C00779AAC /* Release */ = {
			isa = XCBuildConfiguration;
			buildSettings = {
				ASSETCATALOG_COMPILER_APPICON_NAME = AppIcon;
				CODE_SIGN_STYLE = Automatic;
				DEVELOPMENT_TEAM = HT2WKYL4R9;
				INFOPLIST_FILE = RockPaperScissors/Resources/Info.plist;
				LD_RUNPATH_SEARCH_PATHS = (
					"$(inherited)",
					"@executable_path/Frameworks",
				);
				PRODUCT_BUNDLE_IDENTIFIER = com.shannon.RockPaperScissors;
				PRODUCT_NAME = "$(TARGET_NAME)";
				SWIFT_VERSION = 5.0;
				TARGETED_DEVICE_FAMILY = "1,2";
			};
			name = Release;
		};
/* End XCBuildConfiguration section */

/* Begin XCConfigurationList section */
		406C74AA2475A85B00779AAC /* Build configuration list for PBXProject "RockPaperScissors" */ = {
			isa = XCConfigurationList;
			buildConfigurations = (
				406C74C12475A85C00779AAC /* Debug */,
				406C74C22475A85C00779AAC /* Release */,
			);
			defaultConfigurationIsVisible = 0;
			defaultConfigurationName = Release;
		};
		406C74C32475A85C00779AAC /* Build configuration list for PBXNativeTarget "RockPaperScissors" */ = {
			isa = XCConfigurationList;
			buildConfigurations = (
				406C74C42475A85C00779AAC /* Debug */,
				406C74C52475A85C00779AAC /* Release */,
			);
			defaultConfigurationIsVisible = 0;
			defaultConfigurationName = Release;
		};
/* End XCConfigurationList section */
	};
	rootObject = 406C74A72475A85B00779AAC /* Project object */;
}
